
Microsoft Visual Studio Solution File, Format Version 12.00
# Visual Studio 15
VisualStudioVersion = 15.0.27428.2027
MinimumVisualStudioVersion = 10.0.40219.1
Project("{FAE04EC0-301F-11D3-BF4B-00C04F79EFBC}") = "TeamBuilder.Models", "TeamBuilder.Models\TeamBuilder.Models.csproj", "{0115262D-DA90-42C4-87CD-287799FF8A4E}"
EndProject
Project("{FAE04EC0-301F-11D3-BF4B-00C04F79EFBC}") = "TeamBuilder.Data", "TeamBuilder.Data\TeamBuilder.Data.csproj", "{64EB01C6-C715-4D9E-B7A9-AEC18CCEF842}"
EndProject
Project("{FAE04EC0-301F-11D3-BF4B-00C04F79EFBC}") = "TeamBuilder.App", "TeamBuilder.App\TeamBuilder.App.csproj", "{6A1E12C0-2A16-4BB7-AAB4-9A55FE66D08F}"
EndProject
Global
	GlobalSection(SolutionConfigurationPlatforms) = preSolution
		Debug|Any CPU = Debug|Any CPU
		Release|Any CPU = Release|Any CPU
	EndGlobalSection
	GlobalSection(ProjectConfigurationPlatforms) = postSolution
		{0115262D-DA90-42C4-87CD-287799FF8A4E}.Debug|Any CPU.ActiveCfg = Debug|Any CPU
		{0115262D-DA90-42C4-87CD-287799FF8A4E}.Debug|Any CPU.Build.0 = Debug|Any CPU
		{0115262D-DA90-42C4-87CD-287799FF8A4E}.Release|Any CPU.ActiveCfg = Release|Any CPU
		{0115262D-DA90-42C4-87CD-287799FF8A4E}.Release|Any CPU.Build.0 = Release|Any CPU
		{64EB01C6-C715-4D9E-B7A9-AEC18CCEF842}.Debug|Any CPU.ActiveCfg = Debug|Any CPU
		{64EB01C6-C715-4D9E-B7A9-AEC18CCEF842}.Debug|Any CPU.Build.0 = Debug|Any CPU
		{64EB01C6-C715-4D9E-B7A9-AEC18CCEF842}.Release|Any CPU.ActiveCfg = Release|Any CPU
		{64EB01C6-C715-4D9E-B7A9-AEC18CCEF842}.Release|Any CPU.Build.0 = Release|Any CPU
		{6A1E12C0-2A16-4BB7-AAB4-9A55FE66D08F}.Debug|Any CPU.ActiveCfg = Debug|Any CPU
		{6A1E12C0-2A16-4BB7-AAB4-9A55FE66D08F}.Debug|Any CPU.Build.0 = Debug|Any CPU
		{6A1E12C0-2A16-4BB7-AAB4-9A55FE66D08F}.Release|Any CPU.ActiveCfg = Release|Any CPU
		{6A1E12C0-2A16-4BB7-AAB4-9A55FE66D08F}.Release|Any CPU.Build.0 = Release|Any CPU
	EndGlobalSection
	GlobalSection(SolutionProperties) = preSolution
		HideSolutionNode = FALSE
	EndGlobalSection
	GlobalSection(ExtensibilityGlobals) = postSolution
		SolutionGuid = {E93E249B-7ACF-4222-A598-9E44CC485382}
	EndGlobalSection
EndGlobal
